// !$*UTF8*$!
{
	archiveVersion = 1;
	classes = {
	};
	objectVersion = 55;
	objects = {

/* Begin PBXBuildFile section */
		18A6384B29125E9C0024A725 /* AppDelegate.m in Sources */ = {isa = PBXBuildFile; fileRef = 18A6384A29125E9C0024A725 /* AppDelegate.m */; };
		18A6384E29125E9C0024A725 /* SceneDelegate.m in Sources */ = {isa = PBXBuildFile; fileRef = 18A6384D29125E9C0024A725 /* SceneDelegate.m */; };
		18A6385129125E9C0024A725 /* ViewController.m in Sources */ = {isa = PBXBuildFile; fileRef = 18A6385029125E9C0024A725 /* ViewController.m */; };
		18A6385429125E9C0024A725 /* Main.storyboard in Resources */ = {isa = PBXBuildFile; fileRef = 18A6385229125E9C0024A725 /* Main.storyboard */; };
		18A6385629125E9D0024A725 /* Assets.xcassets in Resources */ = {isa = PBXBuildFile; fileRef = 18A6385529125E9D0024A725 /* Assets.xcassets */; };
		18A6385929125E9D0024A725 /* LaunchScreen.storyboard in Resources */ = {isa = PBXBuildFile; fileRef = 18A6385729125E9D0024A725 /* LaunchScreen.storyboard */; };
		18A6385C29125E9D0024A725 /* main.m in Sources */ = {isa = PBXBuildFile; fileRef = 18A6385B29125E9D0024A725 /* main.m */; };
		18A6387329125F110024A725 /* UIView+TextContentData.m in Sources */ = {isa = PBXBuildFile; fileRef = 18A6386529125F110024A725 /* UIView+TextContentData.m */; };
		18A6387429125F110024A725 /* UIApplication+SensorData.m in Sources */ = {isa = PBXBuildFile; fileRef = 18A6386629125F110024A725 /* UIApplication+SensorData.m */; };
		18A6387529125F110024A725 /* UILongPressGestureRecognizer+SensorData.m in Sources */ = {isa = PBXBuildFile; fileRef = 18A6386729125F110024A725 /* UILongPressGestureRecognizer+SensorData.m */; };
		18A6387629125F110024A725 /* SensorDataDelegateProxy.m in Sources */ = {isa = PBXBuildFile; fileRef = 18A6386B29125F110024A725 /* SensorDataDelegateProxy.m */; };
		18A6387729125F110024A725 /* NSObject+Swizzler.m in Sources */ = {isa = PBXBuildFile; fileRef = 18A6386C29125F110024A725 /* NSObject+Swizzler.m */; };
		18A6387829125F110024A725 /* UITapGestureRecognizer+SensorsData.m in Sources */ = {isa = PBXBuildFile; fileRef = 18A6387029125F110024A725 /* UITapGestureRecognizer+SensorsData.m */; };
		18A6387929125F110024A725 /* TableViewDynamicDelegate.m in Sources */ = {isa = PBXBuildFile; fileRef = 18A6387129125F110024A725 /* TableViewDynamicDelegate.m */; };
		18A6387A29125F110024A725 /* UITableView+SensorsData.m in Sources */ = {isa = PBXBuildFile; fileRef = 18A6387229125F110024A725 /* UITableView+SensorsData.m */; };
		18A6388029126A130024A725 /* UIViewController+SensorData.m in Sources */ = {isa = PBXBuildFile; fileRef = 18A6387F29126A130024A725 /* UIViewController+SensorData.m */; };
/* End PBXBuildFile section */

/* Begin PBXFileReference section */
		18A6384629125E9C0024A725 /* SensorData.app */ = {isa = PBXFileReference; explicitFileType = wrapper.application; includeInIndex = 0; path = SensorData.app; sourceTree = BUILT_PRODUCTS_DIR; };
		18A6384929125E9C0024A725 /* AppDelegate.h */ = {isa = PBXFileReference; lastKnownFileType = sourcecode.c.h; path = AppDelegate.h; sourceTree = "<group>"; };
		18A6384A29125E9C0024A725 /* AppDelegate.m */ = {isa = PBXFileReference; lastKnownFileType = sourcecode.c.objc; path = AppDelegate.m; sourceTree = "<group>"; };
		18A6384C29125E9C0024A725 /* SceneDelegate.h */ = {isa = PBXFileReference; lastKnownFileType = sourcecode.c.h; path = SceneDelegate.h; sourceTree = "<group>"; };
		18A6384D29125E9C0024A725 /* SceneDelegate.m */ = {isa = PBXFileReference; lastKnownFileType = sourcecode.c.objc; path = SceneDelegate.m; sourceTree = "<group>"; };
		18A6384F29125E9C0024A725 /* ViewController.h */ = {isa = PBXFileReference; lastKnownFileType = sourcecode.c.h; path = ViewController.h; sourceTree = "<group>"; };
		18A6385029125E9C0024A725 /* ViewController.m */ = {isa = PBXFileReference; lastKnownFileType = sourcecode.c.objc; path = ViewController.m; sourceTree = "<group>"; };
		18A6385329125E9C0024A725 /* Base */ = {isa = PBXFileReference; lastKnownFileType = file.storyboard; name = Base; path = Base.lproj/Main.storyboard; sourceTree = "<group>"; };
		18A6385529125E9D0024A725 /* Assets.xcassets */ = {isa = PBXFileReference; lastKnownFileType = folder.assetcatalog; path = Assets.xcassets; sourceTree = "<group>"; };
		18A6385829125E9D0024A725 /* Base */ = {isa = PBXFileReference; lastKnownFileType = file.storyboard; name = Base; path = Base.lproj/LaunchScreen.storyboard; sourceTree = "<group>"; };
		18A6385A29125E9D0024A725 /* Info.plist */ = {isa = PBXFileReference; lastKnownFileType = text.plist.xml; path = Info.plist; sourceTree = "<group>"; };
		18A6385B29125E9D0024A725 /* main.m */ = {isa = PBXFileReference; lastKnownFileType = sourcecode.c.objc; path = main.m; sourceTree = "<group>"; };
		18A6386329125F110024A725 /* NSObject+Swizzler.h */ = {isa = PBXFileReference; fileEncoding = 4; lastKnownFileType = sourcecode.c.h; path = "NSObject+Swizzler.h"; sourceTree = "<group>"; };
		18A6386429125F110024A725 /* SensorDataDelegateProxy.h */ = {isa = PBXFileReference; fileEncoding = 4; lastKnownFileType = sourcecode.c.h; path = SensorDataDelegateProxy.h; sourceTree = "<group>"; };
		18A6386529125F110024A725 /* UIView+TextContentData.m */ = {isa = PBXFileReference; fileEncoding = 4; lastKnownFileType = sourcecode.c.objc; path = "UIView+TextContentData.m"; sourceTree = "<group>"; };
		18A6386629125F110024A725 /* UIApplication+SensorData.m */ = {isa = PBXFileReference; fileEncoding = 4; lastKnownFileType = sourcecode.c.objc; path = "UIApplication+SensorData.m"; sourceTree = "<group>"; };
		18A6386729125F110024A725 /* UILongPressGestureRecognizer+SensorData.m */ = {isa = PBXFileReference; fileEncoding = 4; lastKnownFileType = sourcecode.c.objc; path = "UILongPressGestureRecognizer+SensorData.m"; sourceTree = "<group>"; };
		18A6386829125F110024A725 /* UITableView+SensorsData.h */ = {isa = PBXFileReference; fileEncoding = 4; lastKnownFileType = sourcecode.c.h; path = "UITableView+SensorsData.h"; sourceTree = "<group>"; };
		18A6386929125F110024A725 /* TableViewDynamicDelegate.h */ = {isa = PBXFileReference; fileEncoding = 4; lastKnownFileType = sourcecode.c.h; path = TableViewDynamicDelegate.h; sourceTree = "<group>"; };
		18A6386A29125F110024A725 /* UITapGestureRecognizer+SensorsData.h */ = {isa = PBXFileReference; fileEncoding = 4; lastKnownFileType = sourcecode.c.h; path = "UITapGestureRecognizer+SensorsData.h"; sourceTree = "<group>"; };
		18A6386B29125F110024A725 /* SensorDataDelegateProxy.m */ = {isa = PBXFileReference; fileEncoding = 4; lastKnownFileType = sourcecode.c.objc; path = SensorDataDelegateProxy.m; sourceTree = "<group>"; };
		18A6386C29125F110024A725 /* NSObject+Swizzler.m */ = {isa = PBXFileReference; fileEncoding = 4; lastKnownFileType = sourcecode.c.objc; path = "NSObject+Swizzler.m"; sourceTree = "<group>"; };
		18A6386D29125F110024A725 /* UILongPressGestureRecognizer+SensorData.h */ = {isa = PBXFileReference; fileEncoding = 4; lastKnownFileType = sourcecode.c.h; path = "UILongPressGestureRecognizer+SensorData.h"; sourceTree = "<group>"; };
		18A6386E29125F110024A725 /* UIApplication+SensorData.h */ = {isa = PBXFileReference; fileEncoding = 4; lastKnownFileType = sourcecode.c.h; path = "UIApplication+SensorData.h"; sourceTree = "<group>"; };
		18A6386F29125F110024A725 /* UIView+TextContentData.h */ = {isa = PBXFileReference; fileEncoding = 4; lastKnownFileType = sourcecode.c.h; path = "UIView+TextContentData.h"; sourceTree = "<group>"; };
		18A6387029125F110024A725 /* UITapGestureRecognizer+SensorsData.m */ = {isa = PBXFileReference; fileEncoding = 4; lastKnownFileType = sourcecode.c.objc; path = "UITapGestureRecognizer+SensorsData.m"; sourceTree = "<group>"; };
		18A6387129125F110024A725 /* TableViewDynamicDelegate.m */ = {isa = PBXFileReference; fileEncoding = 4; lastKnownFileType = sourcecode.c.objc; path = TableViewDynamicDelegate.m; sourceTree = "<group>"; };
		18A6387229125F110024A725 /* UITableView+SensorsData.m */ = {isa = PBXFileReference; fileEncoding = 4; lastKnownFileType = sourcecode.c.objc; path = "UITableView+SensorsData.m"; sourceTree = "<group>"; };
		18A6387E29126A130024A725 /* UIViewController+SensorData.h */ = {isa = PBXFileReference; lastKnownFileType = sourcecode.c.h; path = "UIViewController+SensorData.h"; sourceTree = "<group>"; };
		18A6387F29126A130024A725 /* UIViewController+SensorData.m */ = {isa = PBXFileReference; lastKnownFileType = sourcecode.c.objc; path = "UIViewController+SensorData.m"; sourceTree = "<group>"; };
/* End PBXFileReference section */

/* Begin PBXFrameworksBuildPhase section */
		18A6384329125E9C0024A725 /* Frameworks */ = {
			isa = PBXFrameworksBuildPhase;
			buildActionMask = 2147483647;
			files = (
			);
			runOnlyForDeploymentPostprocessing = 0;
		};
/* End PBXFrameworksBuildPhase section */

/* Begin PBXGroup section */
		18A6383D29125E9B0024A725 = {
			isa = PBXGroup;
			children = (
				18A6384829125E9C0024A725 /* SensorData */,
				18A6384729125E9C0024A725 /* Products */,
			);
			sourceTree = "<group>";
		};
		18A6384729125E9C0024A725 /* Products */ = {
			isa = PBXGroup;
			children = (
				18A6384629125E9C0024A725 /* SensorData.app */,
			);
			name = Products;
			sourceTree = "<group>";
		};
		18A6384829125E9C0024A725 /* SensorData */ = {
			isa = PBXGroup;
			children = (
				18A6384929125E9C0024A725 /* AppDelegate.h */,
				18A6384A29125E9C0024A725 /* AppDelegate.m */,
				18A6384C29125E9C0024A725 /* SceneDelegate.h */,
				18A6384D29125E9C0024A725 /* SceneDelegate.m */,
				18A6384F29125E9C0024A725 /* ViewController.h */,
				18A6385029125E9C0024A725 /* ViewController.m */,
				18A6386229125F110024A725 /* Classes */,
				18A6385229125E9C0024A725 /* Main.storyboard */,
				18A6385529125E9D0024A725 /* Assets.xcassets */,
				18A6385729125E9D0024A725 /* LaunchScreen.storyboard */,
				18A6385A29125E9D0024A725 /* Info.plist */,
				18A6385B29125E9D0024A725 /* main.m */,
			);
			path = SensorData;
			sourceTree = "<group>";
		};
		18A6386229125F110024A725 /* Classes */ = {
			isa = PBXGroup;
			children = (
				18A6387D29125FB20024A725 /* Category */,
				18A6386429125F110024A725 /* SensorDataDelegateProxy.h */,
				18A6386B29125F110024A725 /* SensorDataDelegateProxy.m */,
				18A6386829125F110024A725 /* UITableView+SensorsData.h */,
				18A6387229125F110024A725 /* UITableView+SensorsData.m */,
				18A6386929125F110024A725 /* TableViewDynamicDelegate.h */,
				18A6387129125F110024A725 /* TableViewDynamicDelegate.m */,
				18A6387E29126A130024A725 /* UIViewController+SensorData.h */,
				18A6387F29126A130024A725 /* UIViewController+SensorData.m */,
				18A6387B29125F950024A725 /* Gesture */,
				18A6386329125F110024A725 /* NSObject+Swizzler.h */,
				18A6386C29125F110024A725 /* NSObject+Swizzler.m */,
				18A6386E29125F110024A725 /* UIApplication+SensorData.h */,
				18A6386629125F110024A725 /* UIApplication+SensorData.m */,
			);
			path = Classes;
			sourceTree = "<group>";
		};
		18A6387B29125F950024A725 /* Gesture */ = {
			isa = PBXGroup;
			children = (
				18A6386729125F110024A725 /* UILongPressGestureRecognizer+SensorData.m */,
				18A6386D29125F110024A725 /* UILongPressGestureRecognizer+SensorData.h */,
				18A6387029125F110024A725 /* UITapGestureRecognizer+SensorsData.m */,
				18A6386A29125F110024A725 /* UITapGestureRecognizer+SensorsData.h */,
			);
			path = Gesture;
			sourceTree = "<group>";
		};
		18A6387D29125FB20024A725 /* Category */ = {
			isa = PBXGroup;
			children = (
				18A6386F29125F110024A725 /* UIView+TextContentData.h */,
				18A6386529125F110024A725 /* UIView+TextContentData.m */,
			);
			path = Category;
			sourceTree = "<group>";
		};
/* End PBXGroup section */

/* Begin PBXNativeTarget section */
		18A6384529125E9C0024A725 /* SensorData */ = {
			isa = PBXNativeTarget;
			buildConfigurationList = 18A6385F29125E9D0024A725 /* Build configuration list for PBXNativeTarget "SensorData" */;
			buildPhases = (
				18A6384229125E9C0024A725 /* Sources */,
				18A6384329125E9C0024A725 /* Frameworks */,
				18A6384429125E9C0024A725 /* Resources */,
			);
			buildRules = (
			);
			dependencies = (
			);
			name = SensorData;
			productName = SensorData;
			productReference = 18A6384629125E9C0024A725 /* SensorData.app */;
			productType = "com.apple.product-type.application";
		};
/* End PBXNativeTarget section */

/* Begin PBXProject section */
		18A6383E29125E9B0024A725 /* Project object */ = {
			isa = PBXProject;
			attributes = {
				BuildIndependentTargetsInParallel = 1;
				LastUpgradeCheck = 1340;
				TargetAttributes = {
					18A6384529125E9C0024A725 = {
						CreatedOnToolsVersion = 13.4.1;
					};
				};
			};
			buildConfigurationList = 18A6384129125E9B0024A725 /* Build configuration list for PBXProject "SensorData" */;
			compatibilityVersion = "Xcode 13.0";
			developmentRegion = en;
			hasScannedForEncodings = 0;
			knownRegions = (
				en,
				Base,
			);
			mainGroup = 18A6383D29125E9B0024A725;
			productRefGroup = 18A6384729125E9C0024A725 /* Products */;
			projectDirPath = "";
			projectRoot = "";
			targets = (
				18A6384529125E9C0024A725 /* SensorData */,
			);
		};
/* End PBXProject section */

/* Begin PBXResourcesBuildPhase section */
		18A6384429125E9C0024A725 /* Resources */ = {
			isa = PBXResourcesBuildPhase;
			buildActionMask = 2147483647;
			files = (
				18A6385929125E9D0024A725 /* LaunchScreen.storyboard in Resources */,
				18A6385629125E9D0024A725 /* Assets.xcassets in Resources */,
				18A6385429125E9C0024A725 /* Main.storyboard in Resources */,
			);
			runOnlyForDeploymentPostprocessing = 0;
		};
/* End PBXResourcesBuildPhase section */

/* Begin PBXSourcesBuildPhase section */
		18A6384229125E9C0024A725 /* Sources */ = {
			isa = PBXSourcesBuildPhase;
			buildActionMask = 2147483647;
			files = (
				18A6385129125E9C0024A725 /* ViewController.m in Sources */,
				18A6387829125F110024A725 /* UITapGestureRecognizer+SensorsData.m in Sources */,
				18A6387729125F110024A725 /* NSObject+Swizzler.m in Sources */,
				18A6387A29125F110024A725 /* UITableView+SensorsData.m in Sources */,
				18A6387929125F110024A725 /* TableViewDynamicDelegate.m in Sources */,
				18A6388029126A130024A725 /* UIViewController+SensorData.m in Sources */,
				18A6387529125F110024A725 /* UILongPressGestureRecognizer+SensorData.m in Sources */,
				18A6384B29125E9C0024A725 /* AppDelegate.m in Sources */,
				18A6387629125F110024A725 /* SensorDataDelegateProxy.m in Sources */,
				18A6387429125F110024A725 /* UIApplication+SensorData.m in Sources */,
				18A6385C29125E9D0024A725 /* main.m in Sources */,
				18A6387329125F110024A725 /* UIView+TextContentData.m in Sources */,
				18A6384E29125E9C0024A725 /* SceneDelegate.m in Sources */,
			);
			runOnlyForDeploymentPostprocessing = 0;
		};
/* End PBXSourcesBuildPhase section */

/* Begin PBXVariantGroup section */
		18A6385229125E9C0024A725 /* Main.storyboard */ = {
			isa = PBXVariantGroup;
			children = (
				18A6385329125E9C0024A725 /* Base */,
			);
			name = Main.storyboard;
			sourceTree = "<group>";
		};
		18A6385729125E9D0024A725 /* LaunchScreen.storyboard */ = {
			isa = PBXVariantGroup;
			children = (
				18A6385829125E9D0024A725 /* Base */,
			);
			name = LaunchScreen.storyboard;
			sourceTree = "<group>";
		};
/* End PBXVariantGroup section */

/* Begin XCBuildConfiguration section */
		18A6385D29125E9D0024A725 /* Debug */ = {
			isa = XCBuildConfiguration;
			buildSettings = {
				ALWAYS_SEARCH_USER_PATHS = NO;
				CLANG_ANALYZER_NONNULL = YES;
				CLANG_ANALYZER_NUMBER_OBJECT_CONVERSION = YES_AGGRESSIVE;
				CLANG_CXX_LANGUAGE_STANDARD = "gnu++17";
				CLANG_ENABLE_MODULES = YES;
				CLANG_ENABLE_OBJC_ARC = YES;
				CLANG_ENABLE_OBJC_WEAK = YES;
				CLANG_WARN_BLOCK_CAPTURE_AUTORELEASING = YES;
				CLANG_WARN_BOOL_CONVERSION = YES;
				CLANG_WARN_COMMA = YES;
				CLANG_WARN_CONSTANT_CONVERSION = YES;
				CLANG_WARN_DEPRECATED_OBJC_IMPLEMENTATIONS = YES;
				CLANG_WARN_DIRECT_OBJC_ISA_USAGE = YES_ERROR;
				CLANG_WARN_DOCUMENTATION_COMMENTS = YES;
				CLANG_WARN_EMPTY_BODY = YES;
				CLANG_WARN_ENUM_CONVERSION = YES;
				CLANG_WARN_INFINITE_RECURSION = YES;
				CLANG_WARN_INT_CONVERSION = YES;
				CLANG_WARN_NON_LITERAL_NULL_CONVERSION = YES;
				CLANG_WARN_OBJC_IMPLICIT_RETAIN_SELF = YES;
				CLANG_WARN_OBJC_LITERAL_CONVERSION = YES;
				CLANG_WARN_OBJC_ROOT_CLASS = YES_ERROR;
				CLANG_WARN_QUOTED_INCLUDE_IN_FRAMEWORK_HEADER = YES;
				CLANG_WARN_RANGE_LOOP_ANALYSIS = YES;
				CLANG_WARN_STRICT_PROTOTYPES = YES;
				CLANG_WARN_SUSPICIOUS_MOVE = YES;
				CLANG_WARN_UNGUARDED_AVAILABILITY = YES_AGGRESSIVE;
				CLANG_WARN_UNREACHABLE_CODE = YES;
				CLANG_WARN__DUPLICATE_METHOD_MATCH = YES;
				COPY_PHASE_STRIP = NO;
				DEBUG_INFORMATION_FORMAT = dwarf;
				ENABLE_STRICT_OBJC_MSGSEND = YES;
				ENABLE_TESTABILITY = YES;
				GCC_C_LANGUAGE_STANDARD = gnu11;
				GCC_DYNAMIC_NO_PIC = NO;
				GCC_NO_COMMON_BLOCKS = YES;
				GCC_OPTIMIZATION_LEVEL = 0;
				GCC_PREPROCESSOR_DEFINITIONS = (
					"DEBUG=1",
					"$(inherited)",
				);
				GCC_WARN_64_TO_32_BIT_CONVERSION = YES;
				GCC_WARN_ABOUT_RETURN_TYPE = YES_ERROR;
				GCC_WARN_UNDECLARED_SELECTOR = YES;
				GCC_WARN_UNINITIALIZED_AUTOS = YES_AGGRESSIVE;
				GCC_WARN_UNUSED_FUNCTION = YES;
				GCC_WARN_UNUSED_VARIABLE = YES;
				IPHONEOS_DEPLOYMENT_TARGET = 15.5;
				MTL_ENABLE_DEBUG_INFO = INCLUDE_SOURCE;
				MTL_FAST_MATH = YES;
				ONLY_ACTIVE_ARCH = YES;
				SDKROOT = iphoneos;
			};
			name = Debug;
		};
		18A6385E29125E9D0024A725 /* Release */ = {
			isa = XCBuildConfiguration;
			buildSettings = {
				ALWAYS_SEARCH_USER_PATHS = NO;
				CLANG_ANALYZER_NONNULL = YES;
				CLANG_ANALYZER_NUMBER_OBJECT_CONVERSION = YES_AGGRESSIVE;
				CLANG_CXX_LANGUAGE_STANDARD = "gnu++17";
				CLANG_ENABLE_MODULES = YES;
				CLANG_ENABLE_OBJC_ARC = YES;
				CLANG_ENABLE_OBJC_WEAK = YES;
				CLANG_WARN_BLOCK_CAPTURE_AUTORELEASING = YES;
				CLANG_WARN_BOOL_CONVERSION = YES;
				CLANG_WARN_COMMA = YES;
				CLANG_WARN_CONSTANT_CONVERSION = YES;
				CLANG_WARN_DEPRECATED_OBJC_IMPLEMENTATIONS = YES;
				CLANG_WARN_DIRECT_OBJC_ISA_USAGE = YES_ERROR;
				CLANG_WARN_DOCUMENTATION_COMMENTS = YES;
				CLANG_WARN_EMPTY_BODY = YES;
				CLANG_WARN_ENUM_CONVERSION = YES;
				CLANG_WARN_INFINITE_RECURSION = YES;
				CLANG_WARN_INT_CONVERSION = YES;
				CLANG_WARN_NON_LITERAL_NULL_CONVERSION = YES;
				CLANG_WARN_OBJC_IMPLICIT_RETAIN_SELF = YES;
				CLANG_WARN_OBJC_LITERAL_CONVERSION = YES;
				CLANG_WARN_OBJC_ROOT_CLASS = YES_ERROR;
				CLANG_WARN_QUOTED_INCLUDE_IN_FRAMEWORK_HEADER = YES;
				CLANG_WARN_RANGE_LOOP_ANALYSIS = YES;
				CLANG_WARN_STRICT_PROTOTYPES = YES;
				CLANG_WARN_SUSPICIOUS_MOVE = YES;
				CLANG_WARN_UNGUARDED_AVAILABILITY = YES_AGGRESSIVE;
				CLANG_WARN_UNREACHABLE_CODE = YES;
				CLANG_WARN__DUPLICATE_METHOD_MATCH = YES;
				COPY_PHASE_STRIP = NO;
				DEBUG_INFORMATION_FORMAT = "dwarf-with-dsym";
				ENABLE_NS_ASSERTIONS = NO;
				ENABLE_STRICT_OBJC_MSGSEND = YES;
				GCC_C_LANGUAGE_STANDARD = gnu11;
				GCC_NO_COMMON_BLOCKS = YES;
				GCC_WARN_64_TO_32_BIT_CONVERSION = YES;
				GCC_WARN_ABOUT_RETURN_TYPE = YES_ERROR;
				GCC_WARN_UNDECLARED_SELECTOR = YES;
				GCC_WARN_UNINITIALIZED_AUTOS = YES_AGGRESSIVE;
				GCC_WARN_UNUSED_FUNCTION = YES;
				GCC_WARN_UNUSED_VARIABLE = YES;
				IPHONEOS_DEPLOYMENT_TARGET = 15.5;
				MTL_ENABLE_DEBUG_INFO = NO;
				MTL_FAST_MATH = YES;
				SDKROOT = iphoneos;
				VALIDATE_PRODUCT = YES;
			};
			name = Release;
		};
		18A6386029125E9D0024A725 /* Debug */ = {
			isa = XCBuildConfiguration;
			buildSettings = {
				ASSETCATALOG_COMPILER_APPICON_NAME = AppIcon;
				ASSETCATALOG_COMPILER_GLOBAL_ACCENT_COLOR_NAME = AccentColor;
				CODE_SIGN_STYLE = Automatic;
				CURRENT_PROJECT_VERSION = 1;
				DEVELOPMENT_TEAM = B3FNS52DMT;
				GENERATE_INFOPLIST_FILE = YES;
				INFOPLIST_FILE = SensorData/Info.plist;
				INFOPLIST_KEY_UIApplicationSupportsIndirectInputEvents = YES;
				INFOPLIST_KEY_UILaunchStoryboardName = LaunchScreen;
				INFOPLIST_KEY_UIMainStoryboardFile = Main;
				INFOPLIST_KEY_UISupportedInterfaceOrientations_iPad = "UIInterfaceOrientationPortrait UIInterfaceOrientationPortraitUpsideDown UIInterfaceOrientationLandscapeLeft UIInterfaceOrientationLandscapeRight";
				INFOPLIST_KEY_UISupportedInterfaceOrientations_iPhone = "UIInterfaceOrientationPortrait UIInterfaceOrientationLandscapeLeft UIInterfaceOrientationLandscapeRight";
				LD_RUNPATH_SEARCH_PATHS = (
					"$(inherited)",
					"@executable_path/Frameworks",
				);
				MARKETING_VERSION = 1.0;
				PRODUCT_BUNDLE_IDENTIFIER = com.solution.mm.SensorData;
				PRODUCT_NAME = "$(TARGET_NAME)";
				SWIFT_EMIT_LOC_STRINGS = YES;
				TARGETED_DEVICE_FAMILY = "1,2";
			};
			name = Debug;
		};
		18A6386129125E9D0024A725 /* Release */ = {
			isa = XCBuildConfiguration;
			buildSettings = {
				ASSETCATALOG_COMPILER_APPICON_NAME = AppIcon;
				ASSETCATALOG_COMPILER_GLOBAL_ACCENT_COLOR_NAME = AccentColor;
				CODE_SIGN_STYLE = Automatic;
				CURRENT_PROJECT_VERSION = 1;
				DEVELOPMENT_TEAM = B3FNS52DMT;
				GENERATE_INFOPLIST_FILE = YES;
				INFOPLIST_FILE = SensorData/Info.plist;
				INFOPLIST_KEY_UIApplicationSupportsIndirectInputEvents = YES;
				INFOPLIST_KEY_UILaunchStoryboardName = LaunchScreen;
				INFOPLIST_KEY_UIMainStoryboardFile = Main;
				INFOPLIST_KEY_UISupportedInterfaceOrientations_iPad = "UIInterfaceOrientationPortrait UIInterfaceOrientationPortraitUpsideDown UIInterfaceOrientationLandscapeLeft UIInterfaceOrientationLandscapeRight";
				INFOPLIST_KEY_UISupportedInterfaceOrientations_iPhone = "UIInterfaceOrientationPortrait UIInterfaceOrientationLandscapeLeft UIInterfaceOrientationLandscapeRight";
				LD_RUNPATH_SEARCH_PATHS = (
					"$(inherited)",
					"@executable_path/Frameworks",
				);
				MARKETING_VERSION = 1.0;
				PRODUCT_BUNDLE_IDENTIFIER = com.solution.mm.SensorData;
				PRODUCT_NAME = "$(TARGET_NAME)";
				SWIFT_EMIT_LOC_STRINGS = YES;
				TARGETED_DEVICE_FAMILY = "1,2";
			};
			name = Release;
		};
/* End XCBuildConfiguration section */

/* Begin XCConfigurationList section */
		18A6384129125E9B0024A725 /* Build configuration list for PBXProject "SensorData" */ = {
			isa = XCConfigurationList;
			buildConfigurations = (
				18A6385D29125E9D0024A725 /* Debug */,
				18A6385E29125E9D0024A725 /* Release */,
			);
			defaultConfigurationIsVisible = 0;
			defaultConfigurationName = Release;
		};
		18A6385F29125E9D0024A725 /* Build configuration list for PBXNativeTarget "SensorData" */ = {
			isa = XCConfigurationList;
			buildConfigurations = (
				18A6386029125E9D0024A725 /* Debug */,
				18A6386129125E9D0024A725 /* Release */,
			);
			defaultConfigurationIsVisible = 0;
			defaultConfigurationName = Release;
		};
/* End XCConfigurationList section */
	};
	rootObject = 18A6383E29125E9B0024A725 /* Project object */;
}
